PODS:
  - Realm (10.0.0-beta.2):
    - Realm/Headers (= 10.0.0-beta.2)
  - Realm/Headers (10.0.0-beta.2)
  - RealmSwift (10.0.0-beta.2):
    - Realm (= 10.0.0-beta.2)
  - RxBlocking (5.0.1):
    - RxSwift (~> 5)
  - RxCocoa (5.0.1):
    - RxRelay (~> 5)
    - RxSwift (~> 5)
  - RxRealm (3.0.1):
    - RealmSwift (= 10.0.0-beta.2)
    - RxSwift (~> 5.0)
  - RxRelay (5.0.1):
    - RxSwift (~> 5)
  - RxSwift (5.0.1)

DEPENDENCIES:
  - RealmSwift (= 10.0.0-beta.2)
  - RxBlocking (~> 5.0)
  - RxCocoa (~> 5.0)
  - RxRealm (from `../`)
  - RxSwift (~> 5.0)

SPEC REPOS:
  https://github.com/CocoaPods/Specs.git:
    - Realm
    - RealmSwift
    - RxBlocking
    - RxCocoa
    - RxRelay
    - RxSwift

EXTERNAL SOURCES:
  RxRealm:
    :path: "../"

SPEC CHECKSUMS:
  Realm: 211e32e680c354c9b1a2bdc0e3aeb01c25849641
  RealmSwift: f9043abf9b6821ad5c3032c2a36b5ddfc90b4ce3
  RxBlocking: c5e090f42d046df8b0e7752742510f349963710f
  RxCocoa: e741b9749968e8a143e2b787f1dfbff2b63d0a5c
  RxRealm: 925ce8c16713ea420fb05b4b306a635fc11ecd25
  RxRelay: 89d54507f4fd4d969e6ec1d4bd7f3673640b4640
  RxSwift: e2dc62b366a3adf6a0be44ba9f405efd4c94e0c4

PODFILE CHECKSUM: baea81c2dc9ede77a696c8232f8de636c274cc9c

COCOAPODS: 1.8.3
